
Microsoft Visual Studio Solution File, Format Version 12.00
# Visual Studio for Mac
Project("{FAE04EC0-301F-11D3-BF4B-00C04F79EFBC}") = "Assembly-CSharp-firstpass", "Assembly-CSharp-firstpass.csproj", "{4F8E6FEE-3A20-EB0C-1ECA-535292D475A8}"
EndProject
Project("{FAE04EC0-301F-11D3-BF4B-00C04F79EFBC}") = "Assembly-CSharp-Editor-firstpass", "Assembly-CSharp-Editor-firstpass.csproj", "{940FA420-046C-78AE-D551-8255A86090BE}"
EndProject
Global
	GlobalSection(SolutionConfigurationPlatforms) = preSolution
		Debug|Any CPU = Debug|Any CPU
		Release|Any CPU = Release|Any CPU
	EndGlobalSection
	GlobalSection(ProjectConfigurationPlatforms) = postSolution
		{4F8E6FEE-3A20-EB0C-1ECA-535292D475A8}.Debug|Any CPU.ActiveCfg = Debug|Any CPU
		{4F8E6FEE-3A20-EB0C-1ECA-535292D475A8}.Debug|Any CPU.Build.0 = Debug|Any CPU
		{4F8E6FEE-3A20-EB0C-1ECA-535292D475A8}.Release|Any CPU.ActiveCfg = Release|Any CPU
		{4F8E6FEE-3A20-EB0C-1ECA-535292D475A8}.Release|Any CPU.Build.0 = Release|Any CPU
		{940FA420-046C-78AE-D551-8255A86090BE}.Debug|Any CPU.ActiveCfg = Debug|Any CPU
		{940FA420-046C-78AE-D551-8255A86090BE}.Debug|Any CPU.Build.0 = Debug|Any CPU
		{940FA420-046C-78AE-D551-8255A86090BE}.Release|Any CPU.ActiveCfg = Release|Any CPU
		{940FA420-046C-78AE-D551-8255A86090BE}.Release|Any CPU.Build.0 = Release|Any CPU
	EndGlobalSection
	GlobalSection(SolutionProperties) = preSolution
		HideSolutionNode = FALSE
	EndGlobalSection
EndGlobal
